
Microsoft Visual Studio Solution File, Format Version 12.00
# Visual Studio Version 17
VisualStudioVersion = 17.10.35013.160
MinimumVisualStudioVersion = 10.0.40219.1
Project("{888888A0-9F3D-457C-B088-3A5042F75D52}") = "SakuGames", "SakuGames.pyproj", "{3E855D46-D1E3-43E9-9D08-C42958D0FF2F}"
EndProject
Global
	GlobalSection(SolutionConfigurationPlatforms) = preSolution
		Debug|Any CPU = Debug|Any CPU
		Release|Any CPU = Release|Any CPU
	EndGlobalSection
	GlobalSection(ProjectConfigurationPlatforms) = postSolution
		{3E855D46-D1E3-43E9-9D08-C42958D0FF2F}.Debug|Any CPU.ActiveCfg = Debug|Any CPU
		{3E855D46-D1E3-43E9-9D08-C42958D0FF2F}.Release|Any CPU.ActiveCfg = Release|Any CPU
	EndGlobalSection
	GlobalSection(SolutionProperties) = preSolution
		HideSolutionNode = FALSE
	EndGlobalSection
	GlobalSection(ExtensibilityGlobals) = postSolution
		SolutionGuid = {F9FD1B58-A481-4211-AB4C-794630028714}
	EndGlobalSection
EndGlobal
